
Microsoft Visual Studio Solution File, Format Version 12.00
# Visual Studio 15
VisualStudioVersion = 15.0.27428.2002
MinimumVisualStudioVersion = 10.0.40219.1
Project("{FAE04EC0-301F-11D3-BF4B-00C04F79EFBC}") = "Crudoperations", "Crudoperations\Crudoperations.csproj", "{475E4798-1488-4B8E-BCAD-06EC907D9430}"
EndProject
Global
	GlobalSection(SolutionConfigurationPlatforms) = preSolution
		Debug|Any CPU = Debug|Any CPU
		Release|Any CPU = Release|Any CPU
	EndGlobalSection
	GlobalSection(ProjectConfigurationPlatforms) = postSolution
		{475E4798-1488-4B8E-BCAD-06EC907D9430}.Debug|Any CPU.ActiveCfg = Debug|Any CPU
		{475E4798-1488-4B8E-BCAD-06EC907D9430}.Debug|Any CPU.Build.0 = Debug|Any CPU
		{475E4798-1488-4B8E-BCAD-06EC907D9430}.Release|Any CPU.ActiveCfg = Release|Any CPU
		{475E4798-1488-4B8E-BCAD-06EC907D9430}.Release|Any CPU.Build.0 = Release|Any CPU
	EndGlobalSection
	GlobalSection(SolutionProperties) = preSolution
		HideSolutionNode = FALSE
	EndGlobalSection
	GlobalSection(ExtensibilityGlobals) = postSolution
		SolutionGuid = {9C0A05E7-BB0D-425A-9A45-DB8A56FE96C3}
	EndGlobalSection
EndGlobal
